
Microsoft Visual Studio Solution File, Format Version 12.00
# Visual Studio Version 17
VisualStudioVersion = 17.0.32112.339
MinimumVisualStudioVersion = 10.0.40219.1
Project("{2150E333-8FDC-42A3-9474-1A3956D46DE8}") = "Services", "Services", "{3EEF63EB-8730-4FDD-A2F7-12ECAC0805EE}"
EndProject
Project("{2150E333-8FDC-42A3-9474-1A3956D46DE8}") = "Catalog", "Catalog", "{73526D9D-876C-49B0-89E1-82C6AE6658EF}"
EndProject
Project("{9A19103F-16F7-4668-BE54-9A1E7A4F7556}") = "Catalog.API", "Services\Catalog\Catalog.API\Catalog.API.csproj", "{D50A033F-24D0-4EDD-A62F-60FCB70100C1}"
EndProject
Project("{E53339B2-1760-4266-BCC7-CA923CBCF16C}") = "docker-compose", "docker-compose.dcproj", "{42EFCB20-FB16-4C3D-AC07-3F1F41D94AFA}"
EndProject
Project("{2150E333-8FDC-42A3-9474-1A3956D46DE8}") = "Basket", "Basket", "{3106EE59-FA66-480C-9C48-E4D7DBA8E931}"
EndProject
Project("{FAE04EC0-301F-11D3-BF4B-00C04F79EFBC}") = "Basket.API", "Services\Basket\Basket.API\Basket.API.csproj", "{712A53F8-B52C-4F69-A07A-0A5D8F4A1164}"
EndProject
Global
	GlobalSection(SolutionConfigurationPlatforms) = preSolution
		Debug|Any CPU = Debug|Any CPU
		Release|Any CPU = Release|Any CPU
	EndGlobalSection
	GlobalSection(ProjectConfigurationPlatforms) = postSolution
		{D50A033F-24D0-4EDD-A62F-60FCB70100C1}.Debug|Any CPU.ActiveCfg = Debug|Any CPU
		{D50A033F-24D0-4EDD-A62F-60FCB70100C1}.Debug|Any CPU.Build.0 = Debug|Any CPU
		{D50A033F-24D0-4EDD-A62F-60FCB70100C1}.Release|Any CPU.ActiveCfg = Release|Any CPU
		{D50A033F-24D0-4EDD-A62F-60FCB70100C1}.Release|Any CPU.Build.0 = Release|Any CPU
		{42EFCB20-FB16-4C3D-AC07-3F1F41D94AFA}.Debug|Any CPU.ActiveCfg = Debug|Any CPU
		{42EFCB20-FB16-4C3D-AC07-3F1F41D94AFA}.Debug|Any CPU.Build.0 = Debug|Any CPU
		{42EFCB20-FB16-4C3D-AC07-3F1F41D94AFA}.Release|Any CPU.ActiveCfg = Release|Any CPU
		{42EFCB20-FB16-4C3D-AC07-3F1F41D94AFA}.Release|Any CPU.Build.0 = Release|Any CPU
		{712A53F8-B52C-4F69-A07A-0A5D8F4A1164}.Debug|Any CPU.ActiveCfg = Debug|Any CPU
		{712A53F8-B52C-4F69-A07A-0A5D8F4A1164}.Debug|Any CPU.Build.0 = Debug|Any CPU
		{712A53F8-B52C-4F69-A07A-0A5D8F4A1164}.Release|Any CPU.ActiveCfg = Release|Any CPU
		{712A53F8-B52C-4F69-A07A-0A5D8F4A1164}.Release|Any CPU.Build.0 = Release|Any CPU
	EndGlobalSection
	GlobalSection(SolutionProperties) = preSolution
		HideSolutionNode = FALSE
	EndGlobalSection
	GlobalSection(NestedProjects) = preSolution
		{73526D9D-876C-49B0-89E1-82C6AE6658EF} = {3EEF63EB-8730-4FDD-A2F7-12ECAC0805EE}
		{D50A033F-24D0-4EDD-A62F-60FCB70100C1} = {73526D9D-876C-49B0-89E1-82C6AE6658EF}
		{3106EE59-FA66-480C-9C48-E4D7DBA8E931} = {3EEF63EB-8730-4FDD-A2F7-12ECAC0805EE}
		{712A53F8-B52C-4F69-A07A-0A5D8F4A1164} = {3106EE59-FA66-480C-9C48-E4D7DBA8E931}
	EndGlobalSection
	GlobalSection(ExtensibilityGlobals) = postSolution
		SolutionGuid = {FB92EDB0-F3CB-4041-94EC-E753E4CEB4AB}
	EndGlobalSection
EndGlobal
